
Microsoft Visual Studio Solution File, Format Version 12.00
# Visual Studio Version 17
VisualStudioVersion = 17.5.002.0
MinimumVisualStudioVersion = 10.0.40219.1
Project("{9A19103F-16F7-4668-BE54-9A1E7A4F7556}") = "Proyecto", "Proyecto.csproj", "{0958781D-44C8-4BB1-8A9D-1154E1EBA0EA}"
EndProject
Global
	GlobalSection(SolutionConfigurationPlatforms) = preSolution
		Debug|Any CPU = Debug|Any CPU
		Release|Any CPU = Release|Any CPU
	EndGlobalSection
	GlobalSection(ProjectConfigurationPlatforms) = postSolution
		{0958781D-44C8-4BB1-8A9D-1154E1EBA0EA}.Debug|Any CPU.ActiveCfg = Debug|Any CPU
		{0958781D-44C8-4BB1-8A9D-1154E1EBA0EA}.Debug|Any CPU.Build.0 = Debug|Any CPU
		{0958781D-44C8-4BB1-8A9D-1154E1EBA0EA}.Release|Any CPU.ActiveCfg = Release|Any CPU
		{0958781D-44C8-4BB1-8A9D-1154E1EBA0EA}.Release|Any CPU.Build.0 = Release|Any CPU
	EndGlobalSection
	GlobalSection(SolutionProperties) = preSolution
		HideSolutionNode = FALSE
	EndGlobalSection
	GlobalSection(ExtensibilityGlobals) = postSolution
		SolutionGuid = {EF27219F-27F4-421C-889D-C93E1C2B9FC1}
	EndGlobalSection
EndGlobal
